// !$*UTF8*$!
{
	archiveVersion = 1;
	classes = {
	};
	objectVersion = 50;
	objects = {

/* Begin PBXBuildFile section */
		9CEBDE9D20D63E2800AF0CAB /* AppDelegate.swift in Sources */ = {isa = PBXBuildFile; fileRef = 9CEBDE9C20D63E2800AF0CAB /* AppDelegate.swift */; };
		9CEBDE9F20D63E2800AF0CAB /* ViewController.swift in Sources */ = {isa = PBXBuildFile; fileRef = 9CEBDE9E20D63E2800AF0CAB /* ViewController.swift */; };
		9CEBDEA220D63E2800AF0CAB /* Main.storyboard in Resources */ = {isa = PBXBuildFile; fileRef = 9CEBDEA020D63E2800AF0CAB /* Main.storyboard */; };
		9CEBDEA420D63E2A00AF0CAB /* Assets.xcassets in Resources */ = {isa = PBXBuildFile; fileRef = 9CEBDEA320D63E2A00AF0CAB /* Assets.xcassets */; };
		9CEBDEA720D63E2A00AF0CAB /* LaunchScreen.storyboard in Resources */ = {isa = PBXBuildFile; fileRef = 9CEBDEA520D63E2A00AF0CAB /* LaunchScreen.storyboard */; };
		9CEBDEB220D63E2A00AF0CAB /* TechPodTests.swift in Sources */ = {isa = PBXBuildFile; fileRef = 9CEBDEB120D63E2A00AF0CAB /* TechPodTests.swift */; };
		9CEBDEBD20D63E2A00AF0CAB /* TechPodUITests.swift in Sources */ = {isa = PBXBuildFile; fileRef = 9CEBDEBC20D63E2A00AF0CAB /* TechPodUITests.swift */; };
/* End PBXBuildFile section */

/* Begin PBXContainerItemProxy section */
		9CEBDEAE20D63E2A00AF0CAB /* PBXContainerItemProxy */ = {
			isa = PBXContainerItemProxy;
			containerPortal = 9CEBDE9120D63E2800AF0CAB /* Project object */;
			proxyType = 1;
			remoteGlobalIDString = 9CEBDE9820D63E2800AF0CAB;
			remoteInfo = TechPod;
		};
		9CEBDEB920D63E2A00AF0CAB /* PBXContainerItemProxy */ = {
			isa = PBXContainerItemProxy;
			containerPortal = 9CEBDE9120D63E2800AF0CAB /* Project object */;
			proxyType = 1;
			remoteGlobalIDString = 9CEBDE9820D63E2800AF0CAB;
			remoteInfo = TechPod;
		};
/* End PBXContainerItemProxy section */

/* Begin PBXFileReference section */
		9CEBDE9920D63E2800AF0CAB /* TechPod.app */ = {isa = PBXFileReference; explicitFileType = wrapper.application; includeInIndex = 0; path = TechPod.app; sourceTree = BUILT_PRODUCTS_DIR; };
		9CEBDE9C20D63E2800AF0CAB /* AppDelegate.swift */ = {isa = PBXFileReference; lastKnownFileType = sourcecode.swift; path = AppDelegate.swift; sourceTree = "<group>"; };
		9CEBDE9E20D63E2800AF0CAB /* ViewController.swift */ = {isa = PBXFileReference; lastKnownFileType = sourcecode.swift; path = ViewController.swift; sourceTree = "<group>"; };
		9CEBDEA120D63E2800AF0CAB /* Base */ = {isa = PBXFileReference; lastKnownFileType = file.storyboard; name = Base; path = Base.lproj/Main.storyboard; sourceTree = "<group>"; };
		9CEBDEA320D63E2A00AF0CAB /* Assets.xcassets */ = {isa = PBXFileReference; lastKnownFileType = folder.assetcatalog; path = Assets.xcassets; sourceTree = "<group>"; };
		9CEBDEA620D63E2A00AF0CAB /* Base */ = {isa = PBXFileReference; lastKnownFileType = file.storyboard; name = Base; path = Base.lproj/LaunchScreen.storyboard; sourceTree = "<group>"; };
		9CEBDEA820D63E2A00AF0CAB /* Info.plist */ = {isa = PBXFileReference; lastKnownFileType = text.plist.xml; path = Info.plist; sourceTree = "<group>"; };
		9CEBDEAD20D63E2A00AF0CAB /* TechPodTests.xctest */ = {isa = PBXFileReference; explicitFileType = wrapper.cfbundle; includeInIndex = 0; path = TechPodTests.xctest; sourceTree = BUILT_PRODUCTS_DIR; };
		9CEBDEB120D63E2A00AF0CAB /* TechPodTests.swift */ = {isa = PBXFileReference; lastKnownFileType = sourcecode.swift; path = TechPodTests.swift; sourceTree = "<group>"; };
		9CEBDEB320D63E2A00AF0CAB /* Info.plist */ = {isa = PBXFileReference; lastKnownFileType = text.plist.xml; path = Info.plist; sourceTree = "<group>"; };
		9CEBDEB820D63E2A00AF0CAB /* TechPodUITests.xctest */ = {isa = PBXFileReference; explicitFileType = wrapper.cfbundle; includeInIndex = 0; path = TechPodUITests.xctest; sourceTree = BUILT_PRODUCTS_DIR; };
		9CEBDEBC20D63E2A00AF0CAB /* TechPodUITests.swift */ = {isa = PBXFileReference; lastKnownFileType = sourcecode.swift; path = TechPodUITests.swift; sourceTree = "<group>"; };
		9CEBDEBE20D63E2A00AF0CAB /* Info.plist */ = {isa = PBXFileReference; lastKnownFileType = text.plist.xml; path = Info.plist; sourceTree = "<group>"; };
/* End PBXFileReference section */

/* Begin PBXFrameworksBuildPhase section */
		9CEBDE9620D63E2800AF0CAB /* Frameworks */ = {
			isa = PBXFrameworksBuildPhase;
			buildActionMask = 2147483647;
			files = (
			);
			runOnlyForDeploymentPostprocessing = 0;
		};
		9CEBDEAA20D63E2A00AF0CAB /* Frameworks */ = {
			isa = PBXFrameworksBuildPhase;
			buildActionMask = 2147483647;
			files = (
			);
			runOnlyForDeploymentPostprocessing = 0;
		};
		9CEBDEB520D63E2A00AF0CAB /* Frameworks */ = {
			isa = PBXFrameworksBuildPhase;
			buildActionMask = 2147483647;
			files = (
			);
			runOnlyForDeploymentPostprocessing = 0;
		};
/* End PBXFrameworksBuildPhase section */

/* Begin PBXGroup section */
		9CEBDE9020D63E2800AF0CAB = {
			isa = PBXGroup;
			children = (
				9CEBDE9B20D63E2800AF0CAB /* TechPod */,
				9CEBDEB020D63E2A00AF0CAB /* TechPodTests */,
				9CEBDEBB20D63E2A00AF0CAB /* TechPodUITests */,
				9CEBDE9A20D63E2800AF0CAB /* Products */,
			);
			sourceTree = "<group>";
		};
		9CEBDE9A20D63E2800AF0CAB /* Products */ = {
			isa = PBXGroup;
			children = (
				9CEBDE9920D63E2800AF0CAB /* TechPod.app */,
				9CEBDEAD20D63E2A00AF0CAB /* TechPodTests.xctest */,
				9CEBDEB820D63E2A00AF0CAB /* TechPodUITests.xctest */,
			);
			name = Products;
			sourceTree = "<group>";
		};
		9CEBDE9B20D63E2800AF0CAB /* TechPod */ = {
			isa = PBXGroup;
			children = (
				9CEBDE9C20D63E2800AF0CAB /* AppDelegate.swift */,
				9CEBDE9E20D63E2800AF0CAB /* ViewController.swift */,
				9CEBDEA020D63E2800AF0CAB /* Main.storyboard */,
				9CEBDEA320D63E2A00AF0CAB /* Assets.xcassets */,
				9CEBDEA520D63E2A00AF0CAB /* LaunchScreen.storyboard */,
				9CEBDEA820D63E2A00AF0CAB /* Info.plist */,
			);
			path = TechPod;
			sourceTree = "<group>";
		};
		9CEBDEB020D63E2A00AF0CAB /* TechPodTests */ = {
			isa = PBXGroup;
			children = (
				9CEBDEB120D63E2A00AF0CAB /* TechPodTests.swift */,
				9CEBDEB320D63E2A00AF0CAB /* Info.plist */,
			);
			path = TechPodTests;
			sourceTree = "<group>";
		};
		9CEBDEBB20D63E2A00AF0CAB /* TechPodUITests */ = {
			isa = PBXGroup;
			children = (
				9CEBDEBC20D63E2A00AF0CAB /* TechPodUITests.swift */,
				9CEBDEBE20D63E2A00AF0CAB /* Info.plist */,
			);
			path = TechPodUITests;
			sourceTree = "<group>";
		};
/* End PBXGroup section */

/* Begin PBXNativeTarget section */
		9CEBDE9820D63E2800AF0CAB /* TechPod */ = {
			isa = PBXNativeTarget;
			buildConfigurationList = 9CEBDEC120D63E2A00AF0CAB /* Build configuration list for PBXNativeTarget "TechPod" */;
			buildPhases = (
				9CEBDE9520D63E2800AF0CAB /* Sources */,
				9CEBDE9620D63E2800AF0CAB /* Frameworks */,
				9CEBDE9720D63E2800AF0CAB /* Resources */,
			);
			buildRules = (
			);
			dependencies = (
			);
			name = TechPod;
			productName = TechPod;
			productReference = 9CEBDE9920D63E2800AF0CAB /* TechPod.app */;
			productType = "com.apple.product-type.application";
		};
		9CEBDEAC20D63E2A00AF0CAB /* TechPodTests */ = {
			isa = PBXNativeTarget;
			buildConfigurationList = 9CEBDEC420D63E2A00AF0CAB /* Build configuration list for PBXNativeTarget "TechPodTests" */;
			buildPhases = (
				9CEBDEA920D63E2A00AF0CAB /* Sources */,
				9CEBDEAA20D63E2A00AF0CAB /* Frameworks */,
				9CEBDEAB20D63E2A00AF0CAB /* Resources */,
			);
			buildRules = (
			);
			dependencies = (
				9CEBDEAF20D63E2A00AF0CAB /* PBXTargetDependency */,
			);
			name = TechPodTests;
			productName = TechPodTests;
			productReference = 9CEBDEAD20D63E2A00AF0CAB /* TechPodTests.xctest */;
			productType = "com.apple.product-type.bundle.unit-test";
		};
		9CEBDEB720D63E2A00AF0CAB /* TechPodUITests */ = {
			isa = PBXNativeTarget;
			buildConfigurationList = 9CEBDEC720D63E2A00AF0CAB /* Build configuration list for PBXNativeTarget "TechPodUITests" */;
			buildPhases = (
				9CEBDEB420D63E2A00AF0CAB /* Sources */,
				9CEBDEB520D63E2A00AF0CAB /* Frameworks */,
				9CEBDEB620D63E2A00AF0CAB /* Resources */,
			);
			buildRules = (
			);
			dependencies = (
				9CEBDEBA20D63E2A00AF0CAB /* PBXTargetDependency */,
			);
			name = TechPodUITests;
			productName = TechPodUITests;
			productReference = 9CEBDEB820D63E2A00AF0CAB /* TechPodUITests.xctest */;
			productType = "com.apple.product-type.bundle.ui-testing";
		};
/* End PBXNativeTarget section */

/* Begin PBXProject section */
		9CEBDE9120D63E2800AF0CAB /* Project object */ = {
			isa = PBXProject;
			attributes = {
				LastSwiftUpdateCheck = 0940;
				LastUpgradeCheck = 0940;
				ORGANIZATIONNAME = lifeistech;
				TargetAttributes = {
					9CEBDE9820D63E2800AF0CAB = {
						CreatedOnToolsVersion = 9.4;
					};
					9CEBDEAC20D63E2A00AF0CAB = {
						CreatedOnToolsVersion = 9.4;
						TestTargetID = 9CEBDE9820D63E2800AF0CAB;
					};
					9CEBDEB720D63E2A00AF0CAB = {
						CreatedOnToolsVersion = 9.4;
						TestTargetID = 9CEBDE9820D63E2800AF0CAB;
					};
				};
			};
			buildConfigurationList = 9CEBDE9420D63E2800AF0CAB /* Build configuration list for PBXProject "TechPod" */;
			compatibilityVersion = "Xcode 9.3";
			developmentRegion = en;
			hasScannedForEncodings = 0;
			knownRegions = (
				en,
				Base,
			);
			mainGroup = 9CEBDE9020D63E2800AF0CAB;
			productRefGroup = 9CEBDE9A20D63E2800AF0CAB /* Products */;
			projectDirPath = "";
			projectRoot = "";
			targets = (
				9CEBDE9820D63E2800AF0CAB /* TechPod */,
				9CEBDEAC20D63E2A00AF0CAB /* TechPodTests */,
				9CEBDEB720D63E2A00AF0CAB /* TechPodUITests */,
			);
		};
/* End PBXProject section */

/* Begin PBXResourcesBuildPhase section */
		9CEBDE9720D63E2800AF0CAB /* Resources */ = {
			isa = PBXResourcesBuildPhase;
			buildActionMask = 2147483647;
			files = (
				9CEBDEA720D63E2A00AF0CAB /* LaunchScreen.storyboard in Resources */,
				9CEBDEA420D63E2A00AF0CAB /* Assets.xcassets in Resources */,
				9CEBDEA220D63E2800AF0CAB /* Main.storyboard in Resources */,
			);
			runOnlyForDeploymentPostprocessing = 0;
		};
		9CEBDEAB20D63E2A00AF0CAB /* Resources */ = {
			isa = PBXResourcesBuildPhase;
			buildActionMask = 2147483647;
			files = (
			);
			runOnlyForDeploymentPostprocessing = 0;
		};
		9CEBDEB620D63E2A00AF0CAB /* Resources */ = {
			isa = PBXResourcesBuildPhase;
			buildActionMask = 2147483647;
			files = (
			);
			runOnlyForDeploymentPostprocessing = 0;
		};
/* End PBXResourcesBuildPhase section */

/* Begin PBXSourcesBuildPhase section */
		9CEBDE9520D63E2800AF0CAB /* Sources */ = {
			isa = PBXSourcesBuildPhase;
			buildActionMask = 2147483647;
			files = (
				9CEBDE9F20D63E2800AF0CAB /* ViewController.swift in Sources */,
				9CEBDE9D20D63E2800AF0CAB /* AppDelegate.swift in Sources */,
			);
			runOnlyForDeploymentPostprocessing = 0;
		};
		9CEBDEA920D63E2A00AF0CAB /* Sources */ = {
			isa = PBXSourcesBuildPhase;
			buildActionMask = 2147483647;
			files = (
				9CEBDEB220D63E2A00AF0CAB /* TechPodTests.swift in Sources */,
			);
			runOnlyForDeploymentPostprocessing = 0;
		};
		9CEBDEB420D63E2A00AF0CAB /* Sources */ = {
			isa = PBXSourcesBuildPhase;
			buildActionMask = 2147483647;
			files = (
				9CEBDEBD20D63E2A00AF0CAB /* TechPodUITests.swift in Sources */,
			);
			runOnlyForDeploymentPostprocessing = 0;
		};
/* End PBXSourcesBuildPhase section */

/* Begin PBXTargetDependency section */
		9CEBDEAF20D63E2A00AF0CAB /* PBXTargetDependency */ = {
			isa = PBXTargetDependency;
			target = 9CEBDE9820D63E2800AF0CAB /* TechPod */;
			targetProxy = 9CEBDEAE20D63E2A00AF0CAB /* PBXContainerItemProxy */;
		};
		9CEBDEBA20D63E2A00AF0CAB /* PBXTargetDependency */ = {
			isa = PBXTargetDependency;
			target = 9CEBDE9820D63E2800AF0CAB /* TechPod */;
			targetProxy = 9CEBDEB920D63E2A00AF0CAB /* PBXContainerItemProxy */;
		};
/* End PBXTargetDependency section */

/* Begin PBXVariantGroup section */
		9CEBDEA020D63E2800AF0CAB /* Main.storyboard */ = {
			isa = PBXVariantGroup;
			children = (
				9CEBDEA120D63E2800AF0CAB /* Base */,
			);
			name = Main.storyboard;
			sourceTree = "<group>";
		};
		9CEBDEA520D63E2A00AF0CAB /* LaunchScreen.storyboard */ = {
			isa = PBXVariantGroup;
			children = (
				9CEBDEA620D63E2A00AF0CAB /* Base */,
			);
			name = LaunchScreen.storyboard;
			sourceTree = "<group>";
		};
/* End PBXVariantGroup section */

/* Begin XCBuildConfiguration section */
		9CEBDEBF20D63E2A00AF0CAB /* Debug */ = {
			isa = XCBuildConfiguration;
			buildSettings = {
				ALWAYS_SEARCH_USER_PATHS = NO;
				CLANG_ANALYZER_NONNULL = YES;
				CLANG_ANALYZER_NUMBER_OBJECT_CONVERSION = YES_AGGRESSIVE;
				CLANG_CXX_LANGUAGE_STANDARD = "gnu++14";
				CLANG_CXX_LIBRARY = "libc++";
				CLANG_ENABLE_MODULES = YES;
				CLANG_ENABLE_OBJC_ARC = YES;
				CLANG_ENABLE_OBJC_WEAK = YES;
				CLANG_WARN_BLOCK_CAPTURE_AUTORELEASING = YES;
				CLANG_WARN_BOOL_CONVERSION = YES;
				CLANG_WARN_COMMA = YES;
				CLANG_WARN_CONSTANT_CONVERSION = YES;
				CLANG_WARN_DEPRECATED_OBJC_IMPLEMENTATIONS = YES;
				CLANG_WARN_DIRECT_OBJC_ISA_USAGE = YES_ERROR;
				CLANG_WARN_DOCUMENTATION_COMMENTS = YES;
				CLANG_WARN_EMPTY_BODY = YES;
				CLANG_WARN_ENUM_CONVERSION = YES;
				CLANG_WARN_INFINITE_RECURSION = YES;
				CLANG_WARN_INT_CONVERSION = YES;
				CLANG_WARN_NON_LITERAL_NULL_CONVERSION = YES;
				CLANG_WARN_OBJC_IMPLICIT_RETAIN_SELF = YES;
				CLANG_WARN_OBJC_LITERAL_CONVERSION = YES;
				CLANG_WARN_OBJC_ROOT_CLASS = YES_ERROR;
				CLANG_WARN_RANGE_LOOP_ANALYSIS = YES;
				CLANG_WARN_STRICT_PROTOTYPES = YES;
				CLANG_WARN_SUSPICIOUS_MOVE = YES;
				CLANG_WARN_UNGUARDED_AVAILABILITY = YES_AGGRESSIVE;
				CLANG_WARN_UNREACHABLE_CODE = YES;
				CLANG_WARN__DUPLICATE_METHOD_MATCH = YES;
				CODE_SIGN_IDENTITY = "iPhone Developer";
				COPY_PHASE_STRIP = NO;
				DEBUG_INFORMATION_FORMAT = dwarf;
				ENABLE_STRICT_OBJC_MSGSEND = YES;
				ENABLE_TESTABILITY = YES;
				GCC_C_LANGUAGE_STANDARD = gnu11;
				GCC_DYNAMIC_NO_PIC = NO;
				GCC_NO_COMMON_BLOCKS = YES;
				GCC_OPTIMIZATION_LEVEL = 0;
				GCC_PREPROCESSOR_DEFINITIONS = (
					"DEBUG=1",
					"$(inherited)",
				);
				GCC_WARN_64_TO_32_BIT_CONVERSION = YES;
				GCC_WARN_ABOUT_RETURN_TYPE = YES_ERROR;
				GCC_WARN_UNDECLARED_SELECTOR = YES;
				GCC_WARN_UNINITIALIZED_AUTOS = YES_AGGRESSIVE;
				GCC_WARN_UNUSED_FUNCTION = YES;
				GCC_WARN_UNUSED_VARIABLE = YES;
				IPHONEOS_DEPLOYMENT_TARGET = 11.4;
				MTL_ENABLE_DEBUG_INFO = YES;
				ONLY_ACTIVE_ARCH = YES;
				SDKROOT = iphoneos;
				SWIFT_ACTIVE_COMPILATION_CONDITIONS = DEBUG;
				SWIFT_OPTIMIZATION_LEVEL = "-Onone";
			};
			name = Debug;
		};
		9CEBDEC020D63E2A00AF0CAB /* Release */ = {
			isa = XCBuildConfiguration;
			buildSettings = {
				ALWAYS_SEARCH_USER_PATHS = NO;
				CLANG_ANALYZER_NONNULL = YES;
				CLANG_ANALYZER_NUMBER_OBJECT_CONVERSION = YES_AGGRESSIVE;
				CLANG_CXX_LANGUAGE_STANDARD = "gnu++14";
				CLANG_CXX_LIBRARY = "libc++";
				CLANG_ENABLE_MODULES = YES;
				CLANG_ENABLE_OBJC_ARC = YES;
				CLANG_ENABLE_OBJC_WEAK = YES;
				CLANG_WARN_BLOCK_CAPTURE_AUTORELEASING = YES;
				CLANG_WARN_BOOL_CONVERSION = YES;
				CLANG_WARN_COMMA = YES;
				CLANG_WARN_CONSTANT_CONVERSION = YES;
				CLANG_WARN_DEPRECATED_OBJC_IMPLEMENTATIONS = YES;
				CLANG_WARN_DIRECT_OBJC_ISA_USAGE = YES_ERROR;
				CLANG_WARN_DOCUMENTATION_COMMENTS = YES;
				CLANG_WARN_EMPTY_BODY = YES;
				CLANG_WARN_ENUM_CONVERSION = YES;
				CLANG_WARN_INFINITE_RECURSION = YES;
				CLANG_WARN_INT_CONVERSION = YES;
				CLANG_WARN_NON_LITERAL_NULL_CONVERSION = YES;
				CLANG_WARN_OBJC_IMPLICIT_RETAIN_SELF = YES;
				CLANG_WARN_OBJC_LITERAL_CONVERSION = YES;
				CLANG_WARN_OBJC_ROOT_CLASS = YES_ERROR;
				CLANG_WARN_RANGE_LOOP_ANALYSIS = YES;
				CLANG_WARN_STRICT_PROTOTYPES = YES;
				CLANG_WARN_SUSPICIOUS_MOVE = YES;
				CLANG_WARN_UNGUARDED_AVAILABILITY = YES_AGGRESSIVE;
				CLANG_WARN_UNREACHABLE_CODE = YES;
				CLANG_WARN__DUPLICATE_METHOD_MATCH = YES;
				CODE_SIGN_IDENTITY = "iPhone Developer";
				COPY_PHASE_STRIP = NO;
				DEBUG_INFORMATION_FORMAT = "dwarf-with-dsym";
				ENABLE_NS_ASSERTIONS = NO;
				ENABLE_STRICT_OBJC_MSGSEND = YES;
				GCC_C_LANGUAGE_STANDARD = gnu11;
				GCC_NO_COMMON_BLOCKS = YES;
				GCC_WARN_64_TO_32_BIT_CONVERSION = YES;
				GCC_WARN_ABOUT_RETURN_TYPE = YES_ERROR;
				GCC_WARN_UNDECLARED_SELECTOR = YES;
				GCC_WARN_UNINITIALIZED_AUTOS = YES_AGGRESSIVE;
				GCC_WARN_UNUSED_FUNCTION = YES;
				GCC_WARN_UNUSED_VARIABLE = YES;
				IPHONEOS_DEPLOYMENT_TARGET = 11.4;
				MTL_ENABLE_DEBUG_INFO = NO;
				SDKROOT = iphoneos;
				SWIFT_COMPILATION_MODE = wholemodule;
				SWIFT_OPTIMIZATION_LEVEL = "-O";
				VALIDATE_PRODUCT = YES;
			};
			name = Release;
		};
		9CEBDEC220D63E2A00AF0CAB /* Debug */ = {
			isa = XCBuildConfiguration;
			buildSettings = {
				ASSETCATALOG_COMPILER_APPICON_NAME = AppIcon;
				CODE_SIGN_STYLE = Automatic;
				INFOPLIST_FILE = TechPod/Info.plist;
				LD_RUNPATH_SEARCH_PATHS = (
					"$(inherited)",
					"@executable_path/Frameworks",
				);
				PRODUCT_BUNDLE_IDENTIFIER = com.liteistech.TechPod;
				PRODUCT_NAME = "$(TARGET_NAME)";
				SWIFT_VERSION = 4.0;
				TARGETED_DEVICE_FAMILY = "1,2";
			};
			name = Debug;
		};
		9CEBDEC320D63E2A00AF0CAB /* Release */ = {
			isa = XCBuildConfiguration;
			buildSettings = {
				ASSETCATALOG_COMPILER_APPICON_NAME = AppIcon;
				CODE_SIGN_STYLE = Automatic;
				INFOPLIST_FILE = TechPod/Info.plist;
				LD_RUNPATH_SEARCH_PATHS = (
					"$(inherited)",
					"@executable_path/Frameworks",
				);
				PRODUCT_BUNDLE_IDENTIFIER = com.liteistech.TechPod;
				PRODUCT_NAME = "$(TARGET_NAME)";
				SWIFT_VERSION = 4.0;
				TARGETED_DEVICE_FAMILY = "1,2";
			};
			name = Release;
		};
		9CEBDEC520D63E2A00AF0CAB /* Debug */ = {
			isa = XCBuildConfiguration;
			buildSettings = {
				ALWAYS_EMBED_SWIFT_STANDARD_LIBRARIES = YES;
				BUNDLE_LOADER = "$(TEST_HOST)";
				CODE_SIGN_STYLE = Automatic;
				INFOPLIST_FILE = TechPodTests/Info.plist;
				LD_RUNPATH_SEARCH_PATHS = (
					"$(inherited)",
					"@executable_path/Frameworks",
					"@loader_path/Frameworks",
				);
				PRODUCT_BUNDLE_IDENTIFIER = com.liteistech.TechPodTests;
				PRODUCT_NAME = "$(TARGET_NAME)";
				SWIFT_VERSION = 4.0;
				TARGETED_DEVICE_FAMILY = "1,2";
				TEST_HOST = "$(BUILT_PRODUCTS_DIR)/TechPod.app/TechPod";
			};
			name = Debug;
		};
		9CEBDEC620D63E2A00AF0CAB /* Release */ = {
			isa = XCBuildConfiguration;
			buildSettings = {
				ALWAYS_EMBED_SWIFT_STANDARD_LIBRARIES = YES;
				BUNDLE_LOADER = "$(TEST_HOST)";
				CODE_SIGN_STYLE = Automatic;
				INFOPLIST_FILE = TechPodTests/Info.plist;
				LD_RUNPATH_SEARCH_PATHS = (
					"$(inherited)",
					"@executable_path/Frameworks",
					"@loader_path/Frameworks",
				);
				PRODUCT_BUNDLE_IDENTIFIER = com.liteistech.TechPodTests;
				PRODUCT_NAME = "$(TARGET_NAME)";
				SWIFT_VERSION = 4.0;
				TARGETED_DEVICE_FAMILY = "1,2";
				TEST_HOST = "$(BUILT_PRODUCTS_DIR)/TechPod.app/TechPod";
			};
			name = Release;
		};
		9CEBDEC820D63E2A00AF0CAB /* Debug */ = {
			isa = XCBuildConfiguration;
			buildSettings = {
				ALWAYS_EMBED_SWIFT_STANDARD_LIBRARIES = YES;
				CODE_SIGN_STYLE = Automatic;
				INFOPLIST_FILE = TechPodUITests/Info.plist;
				LD_RUNPATH_SEARCH_PATHS = (
					"$(inherited)",
					"@executable_path/Frameworks",
					"@loader_path/Frameworks",
				);
				PRODUCT_BUNDLE_IDENTIFIER = com.liteistech.TechPodUITests;
				PRODUCT_NAME = "$(TARGET_NAME)";
				SWIFT_VERSION = 4.0;
				TARGETED_DEVICE_FAMILY = "1,2";
				TEST_TARGET_NAME = TechPod;
			};
			name = Debug;
		};
		9CEBDEC920D63E2A00AF0CAB /* Release */ = {
			isa = XCBuildConfiguration;
			buildSettings = {
				ALWAYS_EMBED_SWIFT_STANDARD_LIBRARIES = YES;
				CODE_SIGN_STYLE = Automatic;
				INFOPLIST_FILE = TechPodUITests/Info.plist;
				LD_RUNPATH_SEARCH_PATHS = (
					"$(inherited)",
					"@executable_path/Frameworks",
					"@loader_path/Frameworks",
				);
				PRODUCT_BUNDLE_IDENTIFIER = com.liteistech.TechPodUITests;
				PRODUCT_NAME = "$(TARGET_NAME)";
				SWIFT_VERSION = 4.0;
				TARGETED_DEVICE_FAMILY = "1,2";
				TEST_TARGET_NAME = TechPod;
			};
			name = Release;
		};
/* End XCBuildConfiguration section */

/* Begin XCConfigurationList section */
		9CEBDE9420D63E2800AF0CAB /* Build configuration list for PBXProject "TechPod" */ = {
			isa = XCConfigurationList;
			buildConfigurations = (
				9CEBDEBF20D63E2A00AF0CAB /* Debug */,
				9CEBDEC020D63E2A00AF0CAB /* Release */,
			);
			defaultConfigurationIsVisible = 0;
			defaultConfigurationName = Release;
		};
		9CEBDEC120D63E2A00AF0CAB /* Build configuration list for PBXNativeTarget "TechPod" */ = {
			isa = XCConfigurationList;
			buildConfigurations = (
				9CEBDEC220D63E2A00AF0CAB /* Debug */,
				9CEBDEC320D63E2A00AF0CAB /* Release */,
			);
			defaultConfigurationIsVisible = 0;
			defaultConfigurationName = Release;
		};
		9CEBDEC420D63E2A00AF0CAB /* Build configuration list for PBXNativeTarget "TechPodTests" */ = {
			isa = XCConfigurationList;
			buildConfigurations = (
				9CEBDEC520D63E2A00AF0CAB /* Debug */,
				9CEBDEC620D63E2A00AF0CAB /* Release */,
			);
			defaultConfigurationIsVisible = 0;
			defaultConfigurationName = Release;
		};
		9CEBDEC720D63E2A00AF0CAB /* Build configuration list for PBXNativeTarget "TechPodUITests" */ = {
			isa = XCConfigurationList;
			buildConfigurations = (
				9CEBDEC820D63E2A00AF0CAB /* Debug */,
				9CEBDEC920D63E2A00AF0CAB /* Release */,
			);
			defaultConfigurationIsVisible = 0;
			defaultConfigurationName = Release;
		};
/* End XCConfigurationList section */
	};
	rootObject = 9CEBDE9120D63E2800AF0CAB /* Project object */;
}
